
Microsoft Visual Studio Solution File, Format Version 12.00
# Visual Studio Version 17
VisualStudioVersion = 17.5.002.0
MinimumVisualStudioVersion = 10.0.40219.1
Project("{9A19103F-16F7-4668-BE54-9A1E7A4F7556}") = "Moment_02_test_01", "Moment_02_test_01.csproj", "{E4DED0CF-A30E-4371-99BF-058D028EF857}"
EndProject
Global
	GlobalSection(SolutionConfigurationPlatforms) = preSolution
		Debug|Any CPU = Debug|Any CPU
		Release|Any CPU = Release|Any CPU
	EndGlobalSection
	GlobalSection(ProjectConfigurationPlatforms) = postSolution
		{E4DED0CF-A30E-4371-99BF-058D028EF857}.Debug|Any CPU.ActiveCfg = Debug|Any CPU
		{E4DED0CF-A30E-4371-99BF-058D028EF857}.Debug|Any CPU.Build.0 = Debug|Any CPU
		{E4DED0CF-A30E-4371-99BF-058D028EF857}.Release|Any CPU.ActiveCfg = Release|Any CPU
		{E4DED0CF-A30E-4371-99BF-058D028EF857}.Release|Any CPU.Build.0 = Release|Any CPU
	EndGlobalSection
	GlobalSection(SolutionProperties) = preSolution
		HideSolutionNode = FALSE
	EndGlobalSection
	GlobalSection(ExtensibilityGlobals) = postSolution
		SolutionGuid = {A56F95EA-A17E-4FDE-8438-4EBEFF8B0F32}
	EndGlobalSection
EndGlobal
